{
  "name": "social-media-toolkit",
  "version": "0.4.1",
  "lockfileVersion": 3,
  "requires": true,
  "packages": {
    "": {
      "name": "social-media-toolkit",
      "version": "0.4.1",
      "license": "Apache-2.0",
      "bin": {
        "social-media-toolkit": "bin/social-media-toolkit.mjs"
      },
      "engines": {
        "node": ">=18"
      }
    }
  }
}
